
Microsoft Visual Studio Solution File, Format Version 12.00
# Visual Studio Version 16
VisualStudioVersion = 16.0.30309.148
MinimumVisualStudioVersion = 10.0.40219.1
Project("{FAE04EC0-301F-11D3-BF4B-00C04F79EFBC}") = "Calculador de Edad", "Calculador de Edad\Calculador de Edad.csproj", "{82254651-E70E-472B-BBA2-E7AA4ADC0C18}"
EndProject
Global
	GlobalSection(SolutionConfigurationPlatforms) = preSolution
		Debug|Any CPU = Debug|Any CPU
		Release|Any CPU = Release|Any CPU
	EndGlobalSection
	GlobalSection(ProjectConfigurationPlatforms) = postSolution
		{82254651-E70E-472B-BBA2-E7AA4ADC0C18}.Debug|Any CPU.ActiveCfg = Debug|Any CPU
		{82254651-E70E-472B-BBA2-E7AA4ADC0C18}.Debug|Any CPU.Build.0 = Debug|Any CPU
		{82254651-E70E-472B-BBA2-E7AA4ADC0C18}.Release|Any CPU.ActiveCfg = Release|Any CPU
		{82254651-E70E-472B-BBA2-E7AA4ADC0C18}.Release|Any CPU.Build.0 = Release|Any CPU
	EndGlobalSection
	GlobalSection(SolutionProperties) = preSolution
		HideSolutionNode = FALSE
	EndGlobalSection
	GlobalSection(ExtensibilityGlobals) = postSolution
		SolutionGuid = {0E50EACD-6814-46DA-AF97-EA2B4812ED4B}
	EndGlobalSection
EndGlobal
